
Microsoft Visual Studio Solution File, Format Version 12.00
# Visual Studio Version 17
VisualStudioVersion = 17.3.32819.101
MinimumVisualStudioVersion = 10.0.40219.1
Project("{FAE04EC0-301F-11D3-BF4B-00C04F79EFBC}") = "NguyenVanViet", "NguyenVanViet\NguyenVanViet.csproj", "{B50C0F99-14CB-401D-85B9-27985038F7C5}"
EndProject
Global
	GlobalSection(SolutionConfigurationPlatforms) = preSolution
		Debug|Any CPU = Debug|Any CPU
		Release|Any CPU = Release|Any CPU
	EndGlobalSection
	GlobalSection(ProjectConfigurationPlatforms) = postSolution
		{B50C0F99-14CB-401D-85B9-27985038F7C5}.Debug|Any CPU.ActiveCfg = Debug|Any CPU
		{B50C0F99-14CB-401D-85B9-27985038F7C5}.Debug|Any CPU.Build.0 = Debug|Any CPU
		{B50C0F99-14CB-401D-85B9-27985038F7C5}.Release|Any CPU.ActiveCfg = Release|Any CPU
		{B50C0F99-14CB-401D-85B9-27985038F7C5}.Release|Any CPU.Build.0 = Release|Any CPU
	EndGlobalSection
	GlobalSection(SolutionProperties) = preSolution
		HideSolutionNode = FALSE
	EndGlobalSection
	GlobalSection(ExtensibilityGlobals) = postSolution
		SolutionGuid = {6817FC52-9877-41E7-AAD7-1C5437CB51FC}
	EndGlobalSection
EndGlobal
